
Microsoft Visual Studio Solution File, Format Version 12.00
# Visual Studio 2012
Project("{FAE04EC0-301F-11D3-BF4B-00C04F79EFBC}") = "AppWhile2", "AppWhile2\AppWhile2.csproj", "{C680FC93-386B-4D58-AAA7-26769E676555}"
EndProject
Global
	GlobalSection(SolutionConfigurationPlatforms) = preSolution
		Debug|Any CPU = Debug|Any CPU
		Release|Any CPU = Release|Any CPU
	EndGlobalSection
	GlobalSection(ProjectConfigurationPlatforms) = postSolution
		{C680FC93-386B-4D58-AAA7-26769E676555}.Debug|Any CPU.ActiveCfg = Debug|Any CPU
		{C680FC93-386B-4D58-AAA7-26769E676555}.Debug|Any CPU.Build.0 = Debug|Any CPU
		{C680FC93-386B-4D58-AAA7-26769E676555}.Release|Any CPU.ActiveCfg = Release|Any CPU
		{C680FC93-386B-4D58-AAA7-26769E676555}.Release|Any CPU.Build.0 = Release|Any CPU
	EndGlobalSection
	GlobalSection(SolutionProperties) = preSolution
		HideSolutionNode = FALSE
	EndGlobalSection
EndGlobal
